// !$*UTF8*$!
{
	archiveVersion = 1;
	classes = {
	};
	objectVersion = 46;
	objects = {

/* Begin PBXBuildFile section */
		409E408B1D065E4D00C08665 /* APIManager.swift in Sources */ = {isa = PBXBuildFile; fileRef = 409E408A1D065E4D00C08665 /* APIManager.swift */; };
		409E408E1D0AE7D200C08665 /* Constants.swift in Sources */ = {isa = PBXBuildFile; fileRef = 409E408D1D0AE7D200C08665 /* Constants.swift */; };
		409E40901D0AEA3D00C08665 /* MusicVideo.swift in Sources */ = {isa = PBXBuildFile; fileRef = 409E408F1D0AEA3D00C08665 /* MusicVideo.swift */; };
		409E40951D0BE29200C08665 /* Reachability.m in Sources */ = {isa = PBXBuildFile; fileRef = 409E40941D0BE29200C08665 /* Reachability.m */; };
		409EEC551D04566800FEDB27 /* AppDelegate.swift in Sources */ = {isa = PBXBuildFile; fileRef = 409EEC541D04566800FEDB27 /* AppDelegate.swift */; };
		409EEC571D04566800FEDB27 /* ViewController.swift in Sources */ = {isa = PBXBuildFile; fileRef = 409EEC561D04566800FEDB27 /* ViewController.swift */; };
		409EEC5A1D04566800FEDB27 /* Main.storyboard in Resources */ = {isa = PBXBuildFile; fileRef = 409EEC581D04566800FEDB27 /* Main.storyboard */; };
		409EEC5C1D04566800FEDB27 /* Assets.xcassets in Resources */ = {isa = PBXBuildFile; fileRef = 409EEC5B1D04566800FEDB27 /* Assets.xcassets */; };
		409EEC5F1D04566800FEDB27 /* LaunchScreen.storyboard in Resources */ = {isa = PBXBuildFile; fileRef = 409EEC5D1D04566800FEDB27 /* LaunchScreen.storyboard */; };
		409EEC6A1D04566800FEDB27 /* MusicVideoTests.swift in Sources */ = {isa = PBXBuildFile; fileRef = 409EEC691D04566800FEDB27 /* MusicVideoTests.swift */; };
		409EEC751D04566800FEDB27 /* MusicVideoUITests.swift in Sources */ = {isa = PBXBuildFile; fileRef = 409EEC741D04566800FEDB27 /* MusicVideoUITests.swift */; };
		40BA62B21D1B81D500F247DE /* MusicVideoTVC.swift in Sources */ = {isa = PBXBuildFile; fileRef = 40BA62B11D1B81D500F247DE /* MusicVideoTVC.swift */; };
		40BA62B41D1CF36100F247DE /* MusicVideoTableViewCell.swift in Sources */ = {isa = PBXBuildFile; fileRef = 40BA62B31D1CF36100F247DE /* MusicVideoTableViewCell.swift */; };
/* End PBXBuildFile section */

/* Begin PBXContainerItemProxy section */
		409EEC661D04566800FEDB27 /* PBXContainerItemProxy */ = {
			isa = PBXContainerItemProxy;
			containerPortal = 409EEC491D04566800FEDB27 /* Project object */;
			proxyType = 1;
			remoteGlobalIDString = 409EEC501D04566800FEDB27;
			remoteInfo = MusicVideo;
		};
		409EEC711D04566800FEDB27 /* PBXContainerItemProxy */ = {
			isa = PBXContainerItemProxy;
			containerPortal = 409EEC491D04566800FEDB27 /* Project object */;
			proxyType = 1;
			remoteGlobalIDString = 409EEC501D04566800FEDB27;
			remoteInfo = MusicVideo;
		};
/* End PBXContainerItemProxy section */

/* Begin PBXFileReference section */
		409E408A1D065E4D00C08665 /* APIManager.swift */ = {isa = PBXFileReference; fileEncoding = 4; lastKnownFileType = sourcecode.swift; path = APIManager.swift; sourceTree = "<group>"; };
		409E408D1D0AE7D200C08665 /* Constants.swift */ = {isa = PBXFileReference; fileEncoding = 4; lastKnownFileType = sourcecode.swift; path = Constants.swift; sourceTree = "<group>"; };
		409E408F1D0AEA3D00C08665 /* MusicVideo.swift */ = {isa = PBXFileReference; fileEncoding = 4; lastKnownFileType = sourcecode.swift; path = MusicVideo.swift; sourceTree = "<group>"; };
		409E40921D0BE29100C08665 /* MusicVideo-Bridging-Header.h */ = {isa = PBXFileReference; lastKnownFileType = sourcecode.c.h; path = "MusicVideo-Bridging-Header.h"; sourceTree = "<group>"; };
		409E40931D0BE29200C08665 /* Reachability.h */ = {isa = PBXFileReference; fileEncoding = 4; lastKnownFileType = sourcecode.c.h; path = Reachability.h; sourceTree = "<group>"; };
		409E40941D0BE29200C08665 /* Reachability.m */ = {isa = PBXFileReference; fileEncoding = 4; lastKnownFileType = sourcecode.c.objc; path = Reachability.m; sourceTree = "<group>"; };
		409EEC511D04566800FEDB27 /* MusicVideo.app */ = {isa = PBXFileReference; explicitFileType = wrapper.application; includeInIndex = 0; path = MusicVideo.app; sourceTree = BUILT_PRODUCTS_DIR; };
		409EEC541D04566800FEDB27 /* AppDelegate.swift */ = {isa = PBXFileReference; lastKnownFileType = sourcecode.swift; path = AppDelegate.swift; sourceTree = "<group>"; };
		409EEC561D04566800FEDB27 /* ViewController.swift */ = {isa = PBXFileReference; lastKnownFileType = sourcecode.swift; path = ViewController.swift; sourceTree = "<group>"; };
		409EEC591D04566800FEDB27 /* Base */ = {isa = PBXFileReference; lastKnownFileType = file.storyboard; name = Base; path = Base.lproj/Main.storyboard; sourceTree = "<group>"; };
		409EEC5B1D04566800FEDB27 /* Assets.xcassets */ = {isa = PBXFileReference; lastKnownFileType = folder.assetcatalog; path = Assets.xcassets; sourceTree = "<group>"; };
		409EEC5E1D04566800FEDB27 /* Base */ = {isa = PBXFileReference; lastKnownFileType = file.storyboard; name = Base; path = Base.lproj/LaunchScreen.storyboard; sourceTree = "<group>"; };
		409EEC601D04566800FEDB27 /* Info.plist */ = {isa = PBXFileReference; lastKnownFileType = text.plist.xml; path = Info.plist; sourceTree = "<group>"; };
		409EEC651D04566800FEDB27 /* MusicVideoTests.xctest */ = {isa = PBXFileReference; explicitFileType = wrapper.cfbundle; includeInIndex = 0; path = MusicVideoTests.xctest; sourceTree = BUILT_PRODUCTS_DIR; };
		409EEC691D04566800FEDB27 /* MusicVideoTests.swift */ = {isa = PBXFileReference; lastKnownFileType = sourcecode.swift; path = MusicVideoTests.swift; sourceTree = "<group>"; };
		409EEC6B1D04566800FEDB27 /* Info.plist */ = {isa = PBXFileReference; lastKnownFileType = text.plist.xml; path = Info.plist; sourceTree = "<group>"; };
		409EEC701D04566800FEDB27 /* MusicVideoUITests.xctest */ = {isa = PBXFileReference; explicitFileType = wrapper.cfbundle; includeInIndex = 0; path = MusicVideoUITests.xctest; sourceTree = BUILT_PRODUCTS_DIR; };
		409EEC741D04566800FEDB27 /* MusicVideoUITests.swift */ = {isa = PBXFileReference; lastKnownFileType = sourcecode.swift; path = MusicVideoUITests.swift; sourceTree = "<group>"; };
		409EEC761D04566800FEDB27 /* Info.plist */ = {isa = PBXFileReference; lastKnownFileType = text.plist.xml; path = Info.plist; sourceTree = "<group>"; };
		40BA62B11D1B81D500F247DE /* MusicVideoTVC.swift */ = {isa = PBXFileReference; fileEncoding = 4; lastKnownFileType = sourcecode.swift; path = MusicVideoTVC.swift; sourceTree = "<group>"; };
		40BA62B31D1CF36100F247DE /* MusicVideoTableViewCell.swift */ = {isa = PBXFileReference; fileEncoding = 4; lastKnownFileType = sourcecode.swift; path = MusicVideoTableViewCell.swift; sourceTree = "<group>"; };
/* End PBXFileReference section */

/* Begin PBXFrameworksBuildPhase section */
		409EEC4E1D04566800FEDB27 /* Frameworks */ = {
			isa = PBXFrameworksBuildPhase;
			buildActionMask = 2147483647;
			files = (
			);
			runOnlyForDeploymentPostprocessing = 0;
		};
		409EEC621D04566800FEDB27 /* Frameworks */ = {
			isa = PBXFrameworksBuildPhase;
			buildActionMask = 2147483647;
			files = (
			);
			runOnlyForDeploymentPostprocessing = 0;
		};
		409EEC6D1D04566800FEDB27 /* Frameworks */ = {
			isa = PBXFrameworksBuildPhase;
			buildActionMask = 2147483647;
			files = (
			);
			runOnlyForDeploymentPostprocessing = 0;
		};
/* End PBXFrameworksBuildPhase section */

/* Begin PBXGroup section */
		409E408C1D0AE7B400C08665 /* Utils */ = {
			isa = PBXGroup;
			children = (
				409E408D1D0AE7D200C08665 /* Constants.swift */,
			);
			name = Utils;
			sourceTree = "<group>";
		};
		409E40911D0BE21000C08665 /* Obj-c */ = {
			isa = PBXGroup;
			children = (
				409E40931D0BE29200C08665 /* Reachability.h */,
				409E40941D0BE29200C08665 /* Reachability.m */,
				409E40921D0BE29100C08665 /* MusicVideo-Bridging-Header.h */,
			);
			name = "Obj-c";
			sourceTree = "<group>";
		};
		409EEC481D04566800FEDB27 = {
			isa = PBXGroup;
			children = (
				409EEC531D04566800FEDB27 /* MusicVideo */,
				409EEC681D04566800FEDB27 /* MusicVideoTests */,
				409EEC731D04566800FEDB27 /* MusicVideoUITests */,
				409EEC521D04566800FEDB27 /* Products */,
			);
			sourceTree = "<group>";
		};
		409EEC521D04566800FEDB27 /* Products */ = {
			isa = PBXGroup;
			children = (
				409EEC511D04566800FEDB27 /* MusicVideo.app */,
				409EEC651D04566800FEDB27 /* MusicVideoTests.xctest */,
				409EEC701D04566800FEDB27 /* MusicVideoUITests.xctest */,
			);
			name = Products;
			sourceTree = "<group>";
		};
		409EEC531D04566800FEDB27 /* MusicVideo */ = {
			isa = PBXGroup;
			children = (
				409E40911D0BE21000C08665 /* Obj-c */,
				409E408C1D0AE7B400C08665 /* Utils */,
				409EEC851D04590200FEDB27 /* SupportingFiles */,
				409EEC821D04589A00FEDB27 /* Model */,
				409EEC831D0458B100FEDB27 /* Controller */,
				409EEC841D0458BE00FEDB27 /* View */,
			);
			path = MusicVideo;
			sourceTree = "<group>";
		};
		409EEC681D04566800FEDB27 /* MusicVideoTests */ = {
			isa = PBXGroup;
			children = (
				409EEC691D04566800FEDB27 /* MusicVideoTests.swift */,
				409EEC6B1D04566800FEDB27 /* Info.plist */,
			);
			path = MusicVideoTests;
			sourceTree = "<group>";
		};
		409EEC731D04566800FEDB27 /* MusicVideoUITests */ = {
			isa = PBXGroup;
			children = (
				409EEC741D04566800FEDB27 /* MusicVideoUITests.swift */,
				409EEC761D04566800FEDB27 /* Info.plist */,
			);
			path = MusicVideoUITests;
			sourceTree = "<group>";
		};
		409EEC821D04589A00FEDB27 /* Model */ = {
			isa = PBXGroup;
			children = (
				409E408A1D065E4D00C08665 /* APIManager.swift */,
				409E408F1D0AEA3D00C08665 /* MusicVideo.swift */,
			);
			name = Model;
			sourceTree = "<group>";
		};
		409EEC831D0458B100FEDB27 /* Controller */ = {
			isa = PBXGroup;
			children = (
				40BA62B11D1B81D500F247DE /* MusicVideoTVC.swift */,
				40BA62B31D1CF36100F247DE /* MusicVideoTableViewCell.swift */,
				409EEC561D04566800FEDB27 /* ViewController.swift */,
			);
			name = Controller;
			sourceTree = "<group>";
		};
		409EEC841D0458BE00FEDB27 /* View */ = {
			isa = PBXGroup;
			children = (
				409EEC5D1D04566800FEDB27 /* LaunchScreen.storyboard */,
				409EEC581D04566800FEDB27 /* Main.storyboard */,
			);
			name = View;
			sourceTree = "<group>";
		};
		409EEC851D04590200FEDB27 /* SupportingFiles */ = {
			isa = PBXGroup;
			children = (
				409EEC5B1D04566800FEDB27 /* Assets.xcassets */,
				409EEC601D04566800FEDB27 /* Info.plist */,
				409EEC541D04566800FEDB27 /* AppDelegate.swift */,
			);
			name = SupportingFiles;
			sourceTree = "<group>";
		};
/* End PBXGroup section */

/* Begin PBXNativeTarget section */
		409EEC501D04566800FEDB27 /* MusicVideo */ = {
			isa = PBXNativeTarget;
			buildConfigurationList = 409EEC791D04566800FEDB27 /* Build configuration list for PBXNativeTarget "MusicVideo" */;
			buildPhases = (
				409EEC4D1D04566800FEDB27 /* Sources */,
				409EEC4E1D04566800FEDB27 /* Frameworks */,
				409EEC4F1D04566800FEDB27 /* Resources */,
			);
			buildRules = (
			);
			dependencies = (
			);
			name = MusicVideo;
			productName = MusicVideo;
			productReference = 409EEC511D04566800FEDB27 /* MusicVideo.app */;
			productType = "com.apple.product-type.application";
		};
		409EEC641D04566800FEDB27 /* MusicVideoTests */ = {
			isa = PBXNativeTarget;
			buildConfigurationList = 409EEC7C1D04566800FEDB27 /* Build configuration list for PBXNativeTarget "MusicVideoTests" */;
			buildPhases = (
				409EEC611D04566800FEDB27 /* Sources */,
				409EEC621D04566800FEDB27 /* Frameworks */,
				409EEC631D04566800FEDB27 /* Resources */,
			);
			buildRules = (
			);
			dependencies = (
				409EEC671D04566800FEDB27 /* PBXTargetDependency */,
			);
			name = MusicVideoTests;
			productName = MusicVideoTests;
			productReference = 409EEC651D04566800FEDB27 /* MusicVideoTests.xctest */;
			productType = "com.apple.product-type.bundle.unit-test";
		};
		409EEC6F1D04566800FEDB27 /* MusicVideoUITests */ = {
			isa = PBXNativeTarget;
			buildConfigurationList = 409EEC7F1D04566800FEDB27 /* Build configuration list for PBXNativeTarget "MusicVideoUITests" */;
			buildPhases = (
				409EEC6C1D04566800FEDB27 /* Sources */,
				409EEC6D1D04566800FEDB27 /* Frameworks */,
				409EEC6E1D04566800FEDB27 /* Resources */,
			);
			buildRules = (
			);
			dependencies = (
				409EEC721D04566800FEDB27 /* PBXTargetDependency */,
			);
			name = MusicVideoUITests;
			productName = MusicVideoUITests;
			productReference = 409EEC701D04566800FEDB27 /* MusicVideoUITests.xctest */;
			productType = "com.apple.product-type.bundle.ui-testing";
		};
/* End PBXNativeTarget section */

/* Begin PBXProject section */
		409EEC491D04566800FEDB27 /* Project object */ = {
			isa = PBXProject;
			attributes = {
				LastSwiftUpdateCheck = 0730;
				LastUpgradeCheck = 0730;
				ORGANIZATIONNAME = "ROAR Smart";
				TargetAttributes = {
					409EEC501D04566800FEDB27 = {
						CreatedOnToolsVersion = 7.3.1;
					};
					409EEC641D04566800FEDB27 = {
						CreatedOnToolsVersion = 7.3.1;
						TestTargetID = 409EEC501D04566800FEDB27;
					};
					409EEC6F1D04566800FEDB27 = {
						CreatedOnToolsVersion = 7.3.1;
						TestTargetID = 409EEC501D04566800FEDB27;
					};
				};
			};
			buildConfigurationList = 409EEC4C1D04566800FEDB27 /* Build configuration list for PBXProject "MusicVideo" */;
			compatibilityVersion = "Xcode 3.2";
			developmentRegion = English;
			hasScannedForEncodings = 0;
			knownRegions = (
				en,
				Base,
			);
			mainGroup = 409EEC481D04566800FEDB27;
			productRefGroup = 409EEC521D04566800FEDB27 /* Products */;
			projectDirPath = "";
			projectRoot = "";
			targets = (
				409EEC501D04566800FEDB27 /* MusicVideo */,
				409EEC641D04566800FEDB27 /* MusicVideoTests */,
				409EEC6F1D04566800FEDB27 /* MusicVideoUITests */,
			);
		};
/* End PBXProject section */

/* Begin PBXResourcesBuildPhase section */
		409EEC4F1D04566800FEDB27 /* Resources */ = {
			isa = PBXResourcesBuildPhase;
			buildActionMask = 2147483647;
			files = (
				409EEC5F1D04566800FEDB27 /* LaunchScreen.storyboard in Resources */,
				409EEC5C1D04566800FEDB27 /* Assets.xcassets in Resources */,
				409EEC5A1D04566800FEDB27 /* Main.storyboard in Resources */,
			);
			runOnlyForDeploymentPostprocessing = 0;
		};
		409EEC631D04566800FEDB27 /* Resources */ = {
			isa = PBXResourcesBuildPhase;
			buildActionMask = 2147483647;
			files = (
			);
			runOnlyForDeploymentPostprocessing = 0;
		};
		409EEC6E1D04566800FEDB27 /* Resources */ = {
			isa = PBXResourcesBuildPhase;
			buildActionMask = 2147483647;
			files = (
			);
			runOnlyForDeploymentPostprocessing = 0;
		};
/* End PBXResourcesBuildPhase section */

/* Begin PBXSourcesBuildPhase section */
		409EEC4D1D04566800FEDB27 /* Sources */ = {
			isa = PBXSourcesBuildPhase;
			buildActionMask = 2147483647;
			files = (
				409E408B1D065E4D00C08665 /* APIManager.swift in Sources */,
				409EEC571D04566800FEDB27 /* ViewController.swift in Sources */,
				409E40901D0AEA3D00C08665 /* MusicVideo.swift in Sources */,
				40BA62B41D1CF36100F247DE /* MusicVideoTableViewCell.swift in Sources */,
				409EEC551D04566800FEDB27 /* AppDelegate.swift in Sources */,
				409E40951D0BE29200C08665 /* Reachability.m in Sources */,
				409E408E1D0AE7D200C08665 /* Constants.swift in Sources */,
				40BA62B21D1B81D500F247DE /* MusicVideoTVC.swift in Sources */,
			);
			runOnlyForDeploymentPostprocessing = 0;
		};
		409EEC611D04566800FEDB27 /* Sources */ = {
			isa = PBXSourcesBuildPhase;
			buildActionMask = 2147483647;
			files = (
				409EEC6A1D04566800FEDB27 /* MusicVideoTests.swift in Sources */,
			);
			runOnlyForDeploymentPostprocessing = 0;
		};
		409EEC6C1D04566800FEDB27 /* Sources */ = {
			isa = PBXSourcesBuildPhase;
			buildActionMask = 2147483647;
			files = (
				409EEC751D04566800FEDB27 /* MusicVideoUITests.swift in Sources */,
			);
			runOnlyForDeploymentPostprocessing = 0;
		};
/* End PBXSourcesBuildPhase section */

/* Begin PBXTargetDependency section */
		409EEC671D04566800FEDB27 /* PBXTargetDependency */ = {
			isa = PBXTargetDependency;
			target = 409EEC501D04566800FEDB27 /* MusicVideo */;
			targetProxy = 409EEC661D04566800FEDB27 /* PBXContainerItemProxy */;
		};
		409EEC721D04566800FEDB27 /* PBXTargetDependency */ = {
			isa = PBXTargetDependency;
			target = 409EEC501D04566800FEDB27 /* MusicVideo */;
			targetProxy = 409EEC711D04566800FEDB27 /* PBXContainerItemProxy */;
		};
/* End PBXTargetDependency section */

/* Begin PBXVariantGroup section */
		409EEC581D04566800FEDB27 /* Main.storyboard */ = {
			isa = PBXVariantGroup;
			children = (
				409EEC591D04566800FEDB27 /* Base */,
			);
			name = Main.storyboard;
			sourceTree = "<group>";
		};
		409EEC5D1D04566800FEDB27 /* LaunchScreen.storyboard */ = {
			isa = PBXVariantGroup;
			children = (
				409EEC5E1D04566800FEDB27 /* Base */,
			);
			name = LaunchScreen.storyboard;
			sourceTree = "<group>";
		};
/* End PBXVariantGroup section */

/* Begin XCBuildConfiguration section */
		409EEC771D04566800FEDB27 /* Debug */ = {
			isa = XCBuildConfiguration;
			buildSettings = {
				ALWAYS_SEARCH_USER_PATHS = NO;
				CLANG_ANALYZER_NONNULL = YES;
				CLANG_CXX_LANGUAGE_STANDARD = "gnu++0x";
				CLANG_CXX_LIBRARY = "libc++";
				CLANG_ENABLE_MODULES = YES;
				CLANG_ENABLE_OBJC_ARC = YES;
				CLANG_WARN_BOOL_CONVERSION = YES;
				CLANG_WARN_CONSTANT_CONVERSION = YES;
				CLANG_WARN_DIRECT_OBJC_ISA_USAGE = YES_ERROR;
				CLANG_WARN_EMPTY_BODY = YES;
				CLANG_WARN_ENUM_CONVERSION = YES;
				CLANG_WARN_INT_CONVERSION = YES;
				CLANG_WARN_OBJC_ROOT_CLASS = YES_ERROR;
				CLANG_WARN_UNREACHABLE_CODE = YES;
				CLANG_WARN__DUPLICATE_METHOD_MATCH = YES;
				"CODE_SIGN_IDENTITY[sdk=iphoneos*]" = "iPhone Developer";
				COPY_PHASE_STRIP = NO;
				DEBUG_INFORMATION_FORMAT = dwarf;
				ENABLE_STRICT_OBJC_MSGSEND = YES;
				ENABLE_TESTABILITY = YES;
				GCC_C_LANGUAGE_STANDARD = gnu99;
				GCC_DYNAMIC_NO_PIC = NO;
				GCC_NO_COMMON_BLOCKS = YES;
				GCC_OPTIMIZATION_LEVEL = 0;
				GCC_PREPROCESSOR_DEFINITIONS = (
					"DEBUG=1",
					"$(inherited)",
				);
				GCC_WARN_64_TO_32_BIT_CONVERSION = YES;
				GCC_WARN_ABOUT_RETURN_TYPE = YES_ERROR;
				GCC_WARN_UNDECLARED_SELECTOR = YES;
				GCC_WARN_UNINITIALIZED_AUTOS = YES_AGGRESSIVE;
				GCC_WARN_UNUSED_FUNCTION = YES;
				GCC_WARN_UNUSED_VARIABLE = YES;
				IPHONEOS_DEPLOYMENT_TARGET = 9.3;
				MTL_ENABLE_DEBUG_INFO = YES;
				ONLY_ACTIVE_ARCH = YES;
				SDKROOT = iphoneos;
				SWIFT_OPTIMIZATION_LEVEL = "-Onone";
				TARGETED_DEVICE_FAMILY = "1,2";
			};
			name = Debug;
		};
		409EEC781D04566800FEDB27 /* Release */ = {
			isa = XCBuildConfiguration;
			buildSettings = {
				ALWAYS_SEARCH_USER_PATHS = NO;
				CLANG_ANALYZER_NONNULL = YES;
				CLANG_CXX_LANGUAGE_STANDARD = "gnu++0x";
				CLANG_CXX_LIBRARY = "libc++";
				CLANG_ENABLE_MODULES = YES;
				CLANG_ENABLE_OBJC_ARC = YES;
				CLANG_WARN_BOOL_CONVERSION = YES;
				CLANG_WARN_CONSTANT_CONVERSION = YES;
				CLANG_WARN_DIRECT_OBJC_ISA_USAGE = YES_ERROR;
				CLANG_WARN_EMPTY_BODY = YES;
				CLANG_WARN_ENUM_CONVERSION = YES;
				CLANG_WARN_INT_CONVERSION = YES;
				CLANG_WARN_OBJC_ROOT_CLASS = YES_ERROR;
				CLANG_WARN_UNREACHABLE_CODE = YES;
				CLANG_WARN__DUPLICATE_METHOD_MATCH = YES;
				"CODE_SIGN_IDENTITY[sdk=iphoneos*]" = "iPhone Developer";
				COPY_PHASE_STRIP = NO;
				DEBUG_INFORMATION_FORMAT = "dwarf-with-dsym";
				ENABLE_NS_ASSERTIONS = NO;
				ENABLE_STRICT_OBJC_MSGSEND = YES;
				GCC_C_LANGUAGE_STANDARD = gnu99;
				GCC_NO_COMMON_BLOCKS = YES;
				GCC_WARN_64_TO_32_BIT_CONVERSION = YES;
				GCC_WARN_ABOUT_RETURN_TYPE = YES_ERROR;
				GCC_WARN_UNDECLARED_SELECTOR = YES;
				GCC_WARN_UNINITIALIZED_AUTOS = YES_AGGRESSIVE;
				GCC_WARN_UNUSED_FUNCTION = YES;
				GCC_WARN_UNUSED_VARIABLE = YES;
				IPHONEOS_DEPLOYMENT_TARGET = 9.3;
				MTL_ENABLE_DEBUG_INFO = NO;
				SDKROOT = iphoneos;
				TARGETED_DEVICE_FAMILY = "1,2";
				VALIDATE_PRODUCT = YES;
			};
			name = Release;
		};
		409EEC7A1D04566800FEDB27 /* Debug */ = {
			isa = XCBuildConfiguration;
			buildSettings = {
				ASSETCATALOG_COMPILER_APPICON_NAME = AppIcon;
				CLANG_ENABLE_MODULES = YES;
				INFOPLIST_FILE = MusicVideo/Info.plist;
				LD_RUNPATH_SEARCH_PATHS = "$(inherited) @executable_path/Frameworks";
				PRODUCT_BUNDLE_IDENTIFIER = com.roarsmart.MusicVideo;
				PRODUCT_NAME = "$(TARGET_NAME)";
				SWIFT_OBJC_BRIDGING_HEADER = "MusicVideo/MusicVideo-Bridging-Header.h";
				SWIFT_OPTIMIZATION_LEVEL = "-Onone";
			};
			name = Debug;
		};
		409EEC7B1D04566800FEDB27 /* Release */ = {
			isa = XCBuildConfiguration;
			buildSettings = {
				ASSETCATALOG_COMPILER_APPICON_NAME = AppIcon;
				CLANG_ENABLE_MODULES = YES;
				INFOPLIST_FILE = MusicVideo/Info.plist;
				LD_RUNPATH_SEARCH_PATHS = "$(inherited) @executable_path/Frameworks";
				PRODUCT_BUNDLE_IDENTIFIER = com.roarsmart.MusicVideo;
				PRODUCT_NAME = "$(TARGET_NAME)";
				SWIFT_OBJC_BRIDGING_HEADER = "MusicVideo/MusicVideo-Bridging-Header.h";
			};
			name = Release;
		};
		409EEC7D1D04566800FEDB27 /* Debug */ = {
			isa = XCBuildConfiguration;
			buildSettings = {
				BUNDLE_LOADER = "$(TEST_HOST)";
				INFOPLIST_FILE = MusicVideoTests/Info.plist;
				LD_RUNPATH_SEARCH_PATHS = "$(inherited) @executable_path/Frameworks @loader_path/Frameworks";
				PRODUCT_BUNDLE_IDENTIFIER = com.roarsmart.MusicVideoTests;
				PRODUCT_NAME = "$(TARGET_NAME)";
				TEST_HOST = "$(BUILT_PRODUCTS_DIR)/MusicVideo.app/MusicVideo";
			};
			name = Debug;
		};
		409EEC7E1D04566800FEDB27 /* Release */ = {
			isa = XCBuildConfiguration;
			buildSettings = {
				BUNDLE_LOADER = "$(TEST_HOST)";
				INFOPLIST_FILE = MusicVideoTests/Info.plist;
				LD_RUNPATH_SEARCH_PATHS = "$(inherited) @executable_path/Frameworks @loader_path/Frameworks";
				PRODUCT_BUNDLE_IDENTIFIER = com.roarsmart.MusicVideoTests;
				PRODUCT_NAME = "$(TARGET_NAME)";
				TEST_HOST = "$(BUILT_PRODUCTS_DIR)/MusicVideo.app/MusicVideo";
			};
			name = Release;
		};
		409EEC801D04566800FEDB27 /* Debug */ = {
			isa = XCBuildConfiguration;
			buildSettings = {
				INFOPLIST_FILE = MusicVideoUITests/Info.plist;
				LD_RUNPATH_SEARCH_PATHS = "$(inherited) @executable_path/Frameworks @loader_path/Frameworks";
				PRODUCT_BUNDLE_IDENTIFIER = com.roarsmart.MusicVideoUITests;
				PRODUCT_NAME = "$(TARGET_NAME)";
				TEST_TARGET_NAME = MusicVideo;
			};
			name = Debug;
		};
		409EEC811D04566800FEDB27 /* Release */ = {
			isa = XCBuildConfiguration;
			buildSettings = {
				INFOPLIST_FILE = MusicVideoUITests/Info.plist;
				LD_RUNPATH_SEARCH_PATHS = "$(inherited) @executable_path/Frameworks @loader_path/Frameworks";
				PRODUCT_BUNDLE_IDENTIFIER = com.roarsmart.MusicVideoUITests;
				PRODUCT_NAME = "$(TARGET_NAME)";
				TEST_TARGET_NAME = MusicVideo;
			};
			name = Release;
		};
/* End XCBuildConfiguration section */

/* Begin XCConfigurationList section */
		409EEC4C1D04566800FEDB27 /* Build configuration list for PBXProject "MusicVideo" */ = {
			isa = XCConfigurationList;
			buildConfigurations = (
				409EEC771D04566800FEDB27 /* Debug */,
				409EEC781D04566800FEDB27 /* Release */,
			);
			defaultConfigurationIsVisible = 0;
			defaultConfigurationName = Release;
		};
		409EEC791D04566800FEDB27 /* Build configuration list for PBXNativeTarget "MusicVideo" */ = {
			isa = XCConfigurationList;
			buildConfigurations = (
				409EEC7A1D04566800FEDB27 /* Debug */,
				409EEC7B1D04566800FEDB27 /* Release */,
			);
			defaultConfigurationIsVisible = 0;
			defaultConfigurationName = Release;
		};
		409EEC7C1D04566800FEDB27 /* Build configuration list for PBXNativeTarget "MusicVideoTests" */ = {
			isa = XCConfigurationList;
			buildConfigurations = (
				409EEC7D1D04566800FEDB27 /* Debug */,
				409EEC7E1D04566800FEDB27 /* Release */,
			);
			defaultConfigurationIsVisible = 0;
			defaultConfigurationName = Release;
		};
		409EEC7F1D04566800FEDB27 /* Build configuration list for PBXNativeTarget "MusicVideoUITests" */ = {
			isa = XCConfigurationList;
			buildConfigurations = (
				409EEC801D04566800FEDB27 /* Debug */,
				409EEC811D04566800FEDB27 /* Release */,
			);
			defaultConfigurationIsVisible = 0;
			defaultConfigurationName = Release;
		};
/* End XCConfigurationList section */
	};
	rootObject = 409EEC491D04566800FEDB27 /* Project object */;
}
